
Microsoft Visual Studio Solution File, Format Version 12.00
# Visual Studio Version 16
VisualStudioVersion = 16.0.32106.194
MinimumVisualStudioVersion = 10.0.40219.1
Project("{8BC9CEB8-8B4A-11D0-8D11-00A0C91BC942}") = "MsgBox2", "MsgBox2\MsgBox2.vcxproj", "{ADAEF025-DDC4-4900-965E-76134A6F3F99}"
EndProject
Global
	GlobalSection(SolutionConfigurationPlatforms) = preSolution
		Debug|x64 = Debug|x64
		Debug|x86 = Debug|x86
		Release|x64 = Release|x64
		Release|x86 = Release|x86
	EndGlobalSection
	GlobalSection(ProjectConfigurationPlatforms) = postSolution
		{ADAEF025-DDC4-4900-965E-76134A6F3F99}.Debug|x64.ActiveCfg = Debug|x64
		{ADAEF025-DDC4-4900-965E-76134A6F3F99}.Debug|x64.Build.0 = Debug|x64
		{ADAEF025-DDC4-4900-965E-76134A6F3F99}.Debug|x86.ActiveCfg = Debug|Win32
		{ADAEF025-DDC4-4900-965E-76134A6F3F99}.Debug|x86.Build.0 = Debug|Win32
		{ADAEF025-DDC4-4900-965E-76134A6F3F99}.Release|x64.ActiveCfg = Release|x64
		{ADAEF025-DDC4-4900-965E-76134A6F3F99}.Release|x64.Build.0 = Release|x64
		{ADAEF025-DDC4-4900-965E-76134A6F3F99}.Release|x86.ActiveCfg = Release|Win32
		{ADAEF025-DDC4-4900-965E-76134A6F3F99}.Release|x86.Build.0 = Release|Win32
	EndGlobalSection
	GlobalSection(SolutionProperties) = preSolution
		HideSolutionNode = FALSE
	EndGlobalSection
	GlobalSection(ExtensibilityGlobals) = postSolution
		SolutionGuid = {067D53E7-1518-47E2-A50C-2FB3BA86FE77}
	EndGlobalSection
EndGlobal
