
Microsoft Visual Studio Solution File, Format Version 12.00
# Visual Studio Version 16
VisualStudioVersion = 16.0.32228.343
MinimumVisualStudioVersion = 10.0.40219.1
Project("{8BC9CEB8-8B4A-11D0-8D11-00A0C91BC942}") = "ClientEX", "ClientEX\ClientEX.vcxproj", "{9DEE84DD-E6DD-404E-9715-931259A2F3A1}"
EndProject
Global
	GlobalSection(SolutionConfigurationPlatforms) = preSolution
		Debug|x64 = Debug|x64
		Debug|x86 = Debug|x86
		Release|x64 = Release|x64
		Release|x86 = Release|x86
	EndGlobalSection
	GlobalSection(ProjectConfigurationPlatforms) = postSolution
		{9DEE84DD-E6DD-404E-9715-931259A2F3A1}.Debug|x64.ActiveCfg = Debug|x64
		{9DEE84DD-E6DD-404E-9715-931259A2F3A1}.Debug|x64.Build.0 = Debug|x64
		{9DEE84DD-E6DD-404E-9715-931259A2F3A1}.Debug|x86.ActiveCfg = Debug|Win32
		{9DEE84DD-E6DD-404E-9715-931259A2F3A1}.Debug|x86.Build.0 = Debug|Win32
		{9DEE84DD-E6DD-404E-9715-931259A2F3A1}.Release|x64.ActiveCfg = Release|x64
		{9DEE84DD-E6DD-404E-9715-931259A2F3A1}.Release|x64.Build.0 = Release|x64
		{9DEE84DD-E6DD-404E-9715-931259A2F3A1}.Release|x86.ActiveCfg = Release|Win32
		{9DEE84DD-E6DD-404E-9715-931259A2F3A1}.Release|x86.Build.0 = Release|Win32
	EndGlobalSection
	GlobalSection(SolutionProperties) = preSolution
		HideSolutionNode = FALSE
	EndGlobalSection
	GlobalSection(ExtensibilityGlobals) = postSolution
		SolutionGuid = {5FB36E09-30C9-40AA-9751-C86953F61D3D}
	EndGlobalSection
EndGlobal
